{
  "name": "markupsidedown-converter",
  "lockfileVersion": 3,
  "requires": true,
  "packages": {
    "": {
      "name": "markupsidedown-converter",
      "devDependencies": {
        "@cloudflare/workers-types": "^4.20260404.1"
      }
    },
    "node_modules/@cloudflare/workers-types": {
      "version": "4.20260404.1",
      "resolved": "https://registry.npmjs.org/@cloudflare/workers-types/-/workers-types-4.20260404.1.tgz",
      "integrity": "sha512-jfZfktdn3D0ceA59i4lkMgPUR9p5Wd6trtNLQR1RTgF59iVt9/yegkiEZv0TQvJPXlmQOU1D0pAYz7cMztqErg==",
      "dev": true,
      "license": "MIT OR Apache-2.0"
    }
  }
}
