{
  "name": "markupsidedown-converter",
  "lockfileVersion": 3,
  "requires": true,
  "packages": {
    "": {
      "name": "markupsidedown-converter",
      "devDependencies": {
        "@cloudflare/workers-types": "^4.20260411.1"
      }
    },
    "node_modules/@cloudflare/workers-types": {
      "version": "4.20260411.1",
      "resolved": "https://registry.npmjs.org/@cloudflare/workers-types/-/workers-types-4.20260411.1.tgz",
      "integrity": "sha512-SsntcTanLz+LmgJC8yB7sGCtpC8HxboVDmwrOH1hp1SHZwuKnhfmhUfeiwy7O/cE3iVN1cxe1E17stxP5DJXDw==",
      "dev": true,
      "license": "MIT OR Apache-2.0"
    }
  }
}
